// !$*UTF8*$!
{
	archiveVersion = 1;
	classes = {
	};
	objectVersion = 46;
	objects = {

/* Begin PBXBuildFile section */
		FAD310E314BF8988004A4CA8 /* UIKit.framework in Frameworks */ = {isa = PBXBuildFile; fileRef = FAD310E214BF8988004A4CA8 /* UIKit.framework */; };
		FAD310E514BF8988004A4CA8 /* Foundation.framework in Frameworks */ = {isa = PBXBuildFile; fileRef = FAD310E414BF8988004A4CA8 /* Foundation.framework */; };
		FAD310E714BF8988004A4CA8 /* CoreGraphics.framework in Frameworks */ = {isa = PBXBuildFile; fileRef = FAD310E614BF8988004A4CA8 /* CoreGraphics.framework */; };
		FAD310ED14BF8988004A4CA8 /* InfoPlist.strings in Resources */ = {isa = PBXBuildFile; fileRef = FAD310EB14BF8988004A4CA8 /* InfoPlist.strings */; };
		FAD310EF14BF8988004A4CA8 /* main.m in Sources */ = {isa = PBXBuildFile; fileRef = FAD310EE14BF8988004A4CA8 /* main.m */; };
		FAD310F314BF8988004A4CA8 /* AppDelegate.m in Sources */ = {isa = PBXBuildFile; fileRef = FAD310F214BF8988004A4CA8 /* AppDelegate.m */; };
		FAD310FB14BF89BF004A4CA8 /* StartViewController.m in Sources */ = {isa = PBXBuildFile; fileRef = FAD310FA14BF89BF004A4CA8 /* StartViewController.m */; };
		FAD3110514BF8E0D004A4CA8 /* UINavigationBar+EasyTitle.m in Sources */ = {isa = PBXBuildFile; fileRef = FAD3110414BF8E0D004A4CA8 /* UINavigationBar+EasyTitle.m */; };
		FAD3110714BF93B2004A4CA8 /* Fkuer.xib in Resources */ = {isa = PBXBuildFile; fileRef = FAD3110614BF93B2004A4CA8 /* Fkuer.xib */; };
		FAD3110D14BF9C9D004A4CA8 /* SearchViewController.m in Sources */ = {isa = PBXBuildFile; fileRef = FAD3110C14BF9C9D004A4CA8 /* SearchViewController.m */; };
		FAD3111114BF9D5A004A4CA8 /* NumberGrid.m in Sources */ = {isa = PBXBuildFile; fileRef = FAD3111014BF9D5A004A4CA8 /* NumberGrid.m */; };
		FAD3111614BFA463004A4CA8 /* NumberGridView.m in Sources */ = {isa = PBXBuildFile; fileRef = FAD3111514BFA463004A4CA8 /* NumberGridView.m */; };
/* End PBXBuildFile section */

/* Begin PBXFileReference section */
		FAD310DE14BF8988004A4CA8 /* GuessNumber.app */ = {isa = PBXFileReference; explicitFileType = wrapper.application; includeInIndex = 0; path = GuessNumber.app; sourceTree = BUILT_PRODUCTS_DIR; };
		FAD310E214BF8988004A4CA8 /* UIKit.framework */ = {isa = PBXFileReference; lastKnownFileType = wrapper.framework; name = UIKit.framework; path = System/Library/Frameworks/UIKit.framework; sourceTree = SDKROOT; };
		FAD310E414BF8988004A4CA8 /* Foundation.framework */ = {isa = PBXFileReference; lastKnownFileType = wrapper.framework; name = Foundation.framework; path = System/Library/Frameworks/Foundation.framework; sourceTree = SDKROOT; };
		FAD310E614BF8988004A4CA8 /* CoreGraphics.framework */ = {isa = PBXFileReference; lastKnownFileType = wrapper.framework; name = CoreGraphics.framework; path = System/Library/Frameworks/CoreGraphics.framework; sourceTree = SDKROOT; };
		FAD310EA14BF8988004A4CA8 /* GuessNumber-Info.plist */ = {isa = PBXFileReference; lastKnownFileType = text.plist.xml; path = "GuessNumber-Info.plist"; sourceTree = "<group>"; };
		FAD310EC14BF8988004A4CA8 /* en */ = {isa = PBXFileReference; lastKnownFileType = text.plist.strings; name = en; path = en.lproj/InfoPlist.strings; sourceTree = "<group>"; };
		FAD310EE14BF8988004A4CA8 /* main.m */ = {isa = PBXFileReference; lastKnownFileType = sourcecode.c.objc; path = main.m; sourceTree = "<group>"; };
		FAD310F014BF8988004A4CA8 /* GuessNumber-Prefix.pch */ = {isa = PBXFileReference; lastKnownFileType = sourcecode.c.h; path = "GuessNumber-Prefix.pch"; sourceTree = "<group>"; };
		FAD310F114BF8988004A4CA8 /* AppDelegate.h */ = {isa = PBXFileReference; lastKnownFileType = sourcecode.c.h; path = AppDelegate.h; sourceTree = "<group>"; };
		FAD310F214BF8988004A4CA8 /* AppDelegate.m */ = {isa = PBXFileReference; lastKnownFileType = sourcecode.c.objc; path = AppDelegate.m; sourceTree = "<group>"; };
		FAD310F914BF89BF004A4CA8 /* StartViewController.h */ = {isa = PBXFileReference; fileEncoding = 4; lastKnownFileType = sourcecode.c.h; path = StartViewController.h; sourceTree = "<group>"; };
		FAD310FA14BF89BF004A4CA8 /* StartViewController.m */ = {isa = PBXFileReference; fileEncoding = 4; lastKnownFileType = sourcecode.c.objc; path = StartViewController.m; sourceTree = "<group>"; };
		FAD3110314BF8E0D004A4CA8 /* UINavigationBar+EasyTitle.h */ = {isa = PBXFileReference; fileEncoding = 4; lastKnownFileType = sourcecode.c.h; path = "UINavigationBar+EasyTitle.h"; sourceTree = "<group>"; };
		FAD3110414BF8E0D004A4CA8 /* UINavigationBar+EasyTitle.m */ = {isa = PBXFileReference; fileEncoding = 4; lastKnownFileType = sourcecode.c.objc; path = "UINavigationBar+EasyTitle.m"; sourceTree = "<group>"; };
		FAD3110614BF93B2004A4CA8 /* Fkuer.xib */ = {isa = PBXFileReference; fileEncoding = 4; lastKnownFileType = file.xib; path = Fkuer.xib; sourceTree = "<group>"; };
		FAD3110B14BF9C9D004A4CA8 /* SearchViewController.h */ = {isa = PBXFileReference; fileEncoding = 4; lastKnownFileType = sourcecode.c.h; path = SearchViewController.h; sourceTree = "<group>"; };
		FAD3110C14BF9C9D004A4CA8 /* SearchViewController.m */ = {isa = PBXFileReference; fileEncoding = 4; lastKnownFileType = sourcecode.c.objc; path = SearchViewController.m; sourceTree = "<group>"; };
		FAD3110F14BF9D5A004A4CA8 /* NumberGrid.h */ = {isa = PBXFileReference; fileEncoding = 4; lastKnownFileType = sourcecode.c.h; path = NumberGrid.h; sourceTree = "<group>"; };
		FAD3111014BF9D5A004A4CA8 /* NumberGrid.m */ = {isa = PBXFileReference; fileEncoding = 4; lastKnownFileType = sourcecode.c.objc; path = NumberGrid.m; sourceTree = "<group>"; };
		FAD3111414BFA463004A4CA8 /* NumberGridView.h */ = {isa = PBXFileReference; fileEncoding = 4; lastKnownFileType = sourcecode.c.h; path = NumberGridView.h; sourceTree = "<group>"; };
		FAD3111514BFA463004A4CA8 /* NumberGridView.m */ = {isa = PBXFileReference; fileEncoding = 4; lastKnownFileType = sourcecode.c.objc; path = NumberGridView.m; sourceTree = "<group>"; };
/* End PBXFileReference section */

/* Begin PBXFrameworksBuildPhase section */
		FAD310DB14BF8988004A4CA8 /* Frameworks */ = {
			isa = PBXFrameworksBuildPhase;
			buildActionMask = 2147483647;
			files = (
				FAD310E314BF8988004A4CA8 /* UIKit.framework in Frameworks */,
				FAD310E514BF8988004A4CA8 /* Foundation.framework in Frameworks */,
				FAD310E714BF8988004A4CA8 /* CoreGraphics.framework in Frameworks */,
			);
			runOnlyForDeploymentPostprocessing = 0;
		};
/* End PBXFrameworksBuildPhase section */

/* Begin PBXGroup section */
		FAD310D314BF8987004A4CA8 = {
			isa = PBXGroup;
			children = (
				FAD310E814BF8988004A4CA8 /* GuessNumber */,
				FAD310E114BF8988004A4CA8 /* Frameworks */,
				FAD310DF14BF8988004A4CA8 /* Products */,
			);
			sourceTree = "<group>";
		};
		FAD310DF14BF8988004A4CA8 /* Products */ = {
			isa = PBXGroup;
			children = (
				FAD310DE14BF8988004A4CA8 /* GuessNumber.app */,
			);
			name = Products;
			sourceTree = "<group>";
		};
		FAD310E114BF8988004A4CA8 /* Frameworks */ = {
			isa = PBXGroup;
			children = (
				FAD310E214BF8988004A4CA8 /* UIKit.framework */,
				FAD310E414BF8988004A4CA8 /* Foundation.framework */,
				FAD310E614BF8988004A4CA8 /* CoreGraphics.framework */,
			);
			name = Frameworks;
			sourceTree = "<group>";
		};
		FAD310E814BF8988004A4CA8 /* GuessNumber */ = {
			isa = PBXGroup;
			children = (
				FAD3111314BFA444004A4CA8 /* Narrow Down View */,
				FAD310FC14BF89C9004A4CA8 /* Navigation */,
				FAD3110E14BF9D2D004A4CA8 /* Conceptual */,
				FAD310F114BF8988004A4CA8 /* AppDelegate.h */,
				FAD310F214BF8988004A4CA8 /* AppDelegate.m */,
				FAD310F914BF89BF004A4CA8 /* StartViewController.h */,
				FAD310FA14BF89BF004A4CA8 /* StartViewController.m */,
				FAD310E914BF8988004A4CA8 /* Supporting Files */,
			);
			path = GuessNumber;
			sourceTree = "<group>";
		};
		FAD310E914BF8988004A4CA8 /* Supporting Files */ = {
			isa = PBXGroup;
			children = (
				FAD310EA14BF8988004A4CA8 /* GuessNumber-Info.plist */,
				FAD310EB14BF8988004A4CA8 /* InfoPlist.strings */,
				FAD310EE14BF8988004A4CA8 /* main.m */,
				FAD310F014BF8988004A4CA8 /* GuessNumber-Prefix.pch */,
				FAD3110614BF93B2004A4CA8 /* Fkuer.xib */,
			);
			name = "Supporting Files";
			sourceTree = "<group>";
		};
		FAD310FC14BF89C9004A4CA8 /* Navigation */ = {
			isa = PBXGroup;
			children = (
				FAD3110314BF8E0D004A4CA8 /* UINavigationBar+EasyTitle.h */,
				FAD3110414BF8E0D004A4CA8 /* UINavigationBar+EasyTitle.m */,
			);
			name = Navigation;
			sourceTree = "<group>";
		};
		FAD3110E14BF9D2D004A4CA8 /* Conceptual */ = {
			isa = PBXGroup;
			children = (
				FAD3110F14BF9D5A004A4CA8 /* NumberGrid.h */,
				FAD3111014BF9D5A004A4CA8 /* NumberGrid.m */,
			);
			name = Conceptual;
			sourceTree = "<group>";
		};
		FAD3111314BFA444004A4CA8 /* Narrow Down View */ = {
			isa = PBXGroup;
			children = (
				FAD3110B14BF9C9D004A4CA8 /* SearchViewController.h */,
				FAD3110C14BF9C9D004A4CA8 /* SearchViewController.m */,
				FAD3111414BFA463004A4CA8 /* NumberGridView.h */,
				FAD3111514BFA463004A4CA8 /* NumberGridView.m */,
			);
			name = "Narrow Down View";
			sourceTree = "<group>";
		};
/* End PBXGroup section */

/* Begin PBXNativeTarget section */
		FAD310DD14BF8988004A4CA8 /* GuessNumber */ = {
			isa = PBXNativeTarget;
			buildConfigurationList = FAD310F614BF8988004A4CA8 /* Build configuration list for PBXNativeTarget "GuessNumber" */;
			buildPhases = (
				FAD310DA14BF8988004A4CA8 /* Sources */,
				FAD310DB14BF8988004A4CA8 /* Frameworks */,
				FAD310DC14BF8988004A4CA8 /* Resources */,
			);
			buildRules = (
			);
			dependencies = (
			);
			name = GuessNumber;
			productName = GuessNumber;
			productReference = FAD310DE14BF8988004A4CA8 /* GuessNumber.app */;
			productType = "com.apple.product-type.application";
		};
/* End PBXNativeTarget section */

/* Begin PBXProject section */
		FAD310D514BF8987004A4CA8 /* Project object */ = {
			isa = PBXProject;
			attributes = {
				LastUpgradeCheck = 0420;
			};
			buildConfigurationList = FAD310D814BF8987004A4CA8 /* Build configuration list for PBXProject "GuessNumber" */;
			compatibilityVersion = "Xcode 3.2";
			developmentRegion = English;
			hasScannedForEncodings = 0;
			knownRegions = (
				en,
			);
			mainGroup = FAD310D314BF8987004A4CA8;
			productRefGroup = FAD310DF14BF8988004A4CA8 /* Products */;
			projectDirPath = "";
			projectRoot = "";
			targets = (
				FAD310DD14BF8988004A4CA8 /* GuessNumber */,
			);
		};
/* End PBXProject section */

/* Begin PBXResourcesBuildPhase section */
		FAD310DC14BF8988004A4CA8 /* Resources */ = {
			isa = PBXResourcesBuildPhase;
			buildActionMask = 2147483647;
			files = (
				FAD310ED14BF8988004A4CA8 /* InfoPlist.strings in Resources */,
				FAD3110714BF93B2004A4CA8 /* Fkuer.xib in Resources */,
			);
			runOnlyForDeploymentPostprocessing = 0;
		};
/* End PBXResourcesBuildPhase section */

/* Begin PBXSourcesBuildPhase section */
		FAD310DA14BF8988004A4CA8 /* Sources */ = {
			isa = PBXSourcesBuildPhase;
			buildActionMask = 2147483647;
			files = (
				FAD310EF14BF8988004A4CA8 /* main.m in Sources */,
				FAD310F314BF8988004A4CA8 /* AppDelegate.m in Sources */,
				FAD310FB14BF89BF004A4CA8 /* StartViewController.m in Sources */,
				FAD3110514BF8E0D004A4CA8 /* UINavigationBar+EasyTitle.m in Sources */,
				FAD3110D14BF9C9D004A4CA8 /* SearchViewController.m in Sources */,
				FAD3111114BF9D5A004A4CA8 /* NumberGrid.m in Sources */,
				FAD3111614BFA463004A4CA8 /* NumberGridView.m in Sources */,
			);
			runOnlyForDeploymentPostprocessing = 0;
		};
/* End PBXSourcesBuildPhase section */

/* Begin PBXVariantGroup section */
		FAD310EB14BF8988004A4CA8 /* InfoPlist.strings */ = {
			isa = PBXVariantGroup;
			children = (
				FAD310EC14BF8988004A4CA8 /* en */,
			);
			name = InfoPlist.strings;
			sourceTree = "<group>";
		};
/* End PBXVariantGroup section */

/* Begin XCBuildConfiguration section */
		FAD310F414BF8988004A4CA8 /* Debug */ = {
			isa = XCBuildConfiguration;
			buildSettings = {
				ALWAYS_SEARCH_USER_PATHS = NO;
				ARCHS = "$(ARCHS_STANDARD_32_BIT)";
				CLANG_ENABLE_OBJC_ARC = YES;
				"CODE_SIGN_IDENTITY[sdk=iphoneos*]" = "iPhone Developer";
				COPY_PHASE_STRIP = NO;
				GCC_C_LANGUAGE_STANDARD = gnu99;
				GCC_DYNAMIC_NO_PIC = NO;
				GCC_OPTIMIZATION_LEVEL = 0;
				GCC_PREPROCESSOR_DEFINITIONS = (
					"DEBUG=1",
					"$(inherited)",
				);
				GCC_SYMBOLS_PRIVATE_EXTERN = NO;
				GCC_VERSION = com.apple.compilers.llvm.clang.1_0;
				GCC_WARN_ABOUT_MISSING_PROTOTYPES = YES;
				GCC_WARN_ABOUT_RETURN_TYPE = YES;
				GCC_WARN_UNUSED_VARIABLE = YES;
				IPHONEOS_DEPLOYMENT_TARGET = 5.0;
				SDKROOT = iphoneos;
			};
			name = Debug;
		};
		FAD310F514BF8988004A4CA8 /* Release */ = {
			isa = XCBuildConfiguration;
			buildSettings = {
				ALWAYS_SEARCH_USER_PATHS = NO;
				ARCHS = "$(ARCHS_STANDARD_32_BIT)";
				CLANG_ENABLE_OBJC_ARC = YES;
				"CODE_SIGN_IDENTITY[sdk=iphoneos*]" = "iPhone Developer";
				COPY_PHASE_STRIP = YES;
				GCC_C_LANGUAGE_STANDARD = gnu99;
				GCC_VERSION = com.apple.compilers.llvm.clang.1_0;
				GCC_WARN_ABOUT_MISSING_PROTOTYPES = YES;
				GCC_WARN_ABOUT_RETURN_TYPE = YES;
				GCC_WARN_UNUSED_VARIABLE = YES;
				IPHONEOS_DEPLOYMENT_TARGET = 5.0;
				OTHER_CFLAGS = "-DNS_BLOCK_ASSERTIONS=1";
				SDKROOT = iphoneos;
				VALIDATE_PRODUCT = YES;
			};
			name = Release;
		};
		FAD310F714BF8988004A4CA8 /* Debug */ = {
			isa = XCBuildConfiguration;
			buildSettings = {
				GCC_PRECOMPILE_PREFIX_HEADER = YES;
				GCC_PREFIX_HEADER = "GuessNumber/GuessNumber-Prefix.pch";
				INFOPLIST_FILE = "GuessNumber/GuessNumber-Info.plist";
				PRODUCT_NAME = "$(TARGET_NAME)";
				WRAPPER_EXTENSION = app;
			};
			name = Debug;
		};
		FAD310F814BF8988004A4CA8 /* Release */ = {
			isa = XCBuildConfiguration;
			buildSettings = {
				GCC_PRECOMPILE_PREFIX_HEADER = YES;
				GCC_PREFIX_HEADER = "GuessNumber/GuessNumber-Prefix.pch";
				INFOPLIST_FILE = "GuessNumber/GuessNumber-Info.plist";
				PRODUCT_NAME = "$(TARGET_NAME)";
				WRAPPER_EXTENSION = app;
			};
			name = Release;
		};
/* End XCBuildConfiguration section */

/* Begin XCConfigurationList section */
		FAD310D814BF8987004A4CA8 /* Build configuration list for PBXProject "GuessNumber" */ = {
			isa = XCConfigurationList;
			buildConfigurations = (
				FAD310F414BF8988004A4CA8 /* Debug */,
				FAD310F514BF8988004A4CA8 /* Release */,
			);
			defaultConfigurationIsVisible = 0;
			defaultConfigurationName = Release;
		};
		FAD310F614BF8988004A4CA8 /* Build configuration list for PBXNativeTarget "GuessNumber" */ = {
			isa = XCConfigurationList;
			buildConfigurations = (
				FAD310F714BF8988004A4CA8 /* Debug */,
				FAD310F814BF8988004A4CA8 /* Release */,
			);
			defaultConfigurationIsVisible = 0;
		};
/* End XCConfigurationList section */
	};
	rootObject = FAD310D514BF8987004A4CA8 /* Project object */;
}
